
Microsoft Visual Studio Solution File, Format Version 12.00
# Visual Studio Version 16
VisualStudioVersion = 16.0.30320.27
MinimumVisualStudioVersion = 10.0.40219.1
Project("{FAE04EC0-301F-11D3-BF4B-00C04F79EFBC}") = "Avalonia4431", "Avalonia4431\Avalonia4431.csproj", "{00843936-D5E3-48DF-A84B-2BB582381C92}"
EndProject
Global
	GlobalSection(SolutionConfigurationPlatforms) = preSolution
		Debug|Any CPU = Debug|Any CPU
		Release|Any CPU = Release|Any CPU
	EndGlobalSection
	GlobalSection(ProjectConfigurationPlatforms) = postSolution
		{00843936-D5E3-48DF-A84B-2BB582381C92}.Debug|Any CPU.ActiveCfg = Debug|Any CPU
		{00843936-D5E3-48DF-A84B-2BB582381C92}.Debug|Any CPU.Build.0 = Debug|Any CPU
		{00843936-D5E3-48DF-A84B-2BB582381C92}.Release|Any CPU.ActiveCfg = Release|Any CPU
		{00843936-D5E3-48DF-A84B-2BB582381C92}.Release|Any CPU.Build.0 = Release|Any CPU
	EndGlobalSection
	GlobalSection(SolutionProperties) = preSolution
		HideSolutionNode = FALSE
	EndGlobalSection
	GlobalSection(ExtensibilityGlobals) = postSolution
		SolutionGuid = {E7C74870-7B01-468A-932C-72C0155470FB}
	EndGlobalSection
EndGlobal
